{
  "object": {
    "pins": [
      {
        "package": "MathKit",
        "repositoryURL": "https://github.com/liam923/MathKit.git",
        "state": {
          "branch": null,
          "revision": "9d76130a0cc812e861b84925d7b2aeaa67d99217",
          "version": "1.0.1"
        }
      }
    ]
  },
  "version": 1
}
